
Microsoft Visual Studio Solution File, Format Version 12.00
# Visual Studio Version 17
VisualStudioVersion = 17.3.32825.248
MinimumVisualStudioVersion = 10.0.40219.1
Project("{9A19103F-16F7-4668-BE54-9A1E7A4F7556}") = "GB", "GB\GB.csproj", "{DEDF9BA5-E138-47D8-99E7-A275E2C77D7F}"
EndProject
Project("{9A19103F-16F7-4668-BE54-9A1E7A4F7556}") = "GBTesting", "GBTesting\GBTesting.csproj", "{CDF368FE-C85C-4F5A-9D7D-0A56A6A8669C}"
EndProject
Project("{9A19103F-16F7-4668-BE54-9A1E7A4F7556}") = "FNA.Core", "..\..\..\Documents\Sources\Lib\FNA\FNA.Core.csproj", "{4C29234D-3753-4261-B58A-AAB64CFB858E}"
EndProject
Project("{9A19103F-16F7-4668-BE54-9A1E7A4F7556}") = "ImGui.NET", "..\..\..\Documents\Sources\Lib\ImGui.NET-1.89.4\src\ImGui.NET\ImGui.NET.csproj", "{F9A14799-C3CF-41BF-80FE-2E054E3A2843}"
EndProject
Global
	GlobalSection(SolutionConfigurationPlatforms) = preSolution
		Debug|Any CPU = Debug|Any CPU
		Debug|x64 = Debug|x64
		Debug|x86 = Debug|x86
		Release|Any CPU = Release|Any CPU
		Release|x64 = Release|x64
		Release|x86 = Release|x86
	EndGlobalSection
	GlobalSection(ProjectConfigurationPlatforms) = postSolution
		{DEDF9BA5-E138-47D8-99E7-A275E2C77D7F}.Debug|Any CPU.ActiveCfg = Debug|Any CPU
		{DEDF9BA5-E138-47D8-99E7-A275E2C77D7F}.Debug|Any CPU.Build.0 = Debug|Any CPU
		{DEDF9BA5-E138-47D8-99E7-A275E2C77D7F}.Debug|x64.ActiveCfg = Debug|Any CPU
		{DEDF9BA5-E138-47D8-99E7-A275E2C77D7F}.Debug|x64.Build.0 = Debug|Any CPU
		{DEDF9BA5-E138-47D8-99E7-A275E2C77D7F}.Debug|x86.ActiveCfg = Debug|Any CPU
		{DEDF9BA5-E138-47D8-99E7-A275E2C77D7F}.Debug|x86.Build.0 = Debug|Any CPU
		{DEDF9BA5-E138-47D8-99E7-A275E2C77D7F}.Release|Any CPU.ActiveCfg = Release|Any CPU
		{DEDF9BA5-E138-47D8-99E7-A275E2C77D7F}.Release|Any CPU.Build.0 = Release|Any CPU
		{DEDF9BA5-E138-47D8-99E7-A275E2C77D7F}.Release|x64.ActiveCfg = Release|Any CPU
		{DEDF9BA5-E138-47D8-99E7-A275E2C77D7F}.Release|x64.Build.0 = Release|Any CPU
		{DEDF9BA5-E138-47D8-99E7-A275E2C77D7F}.Release|x86.ActiveCfg = Release|Any CPU
		{DEDF9BA5-E138-47D8-99E7-A275E2C77D7F}.Release|x86.Build.0 = Release|Any CPU
		{CDF368FE-C85C-4F5A-9D7D-0A56A6A8669C}.Debug|Any CPU.ActiveCfg = Debug|Any CPU
		{CDF368FE-C85C-4F5A-9D7D-0A56A6A8669C}.Debug|Any CPU.Build.0 = Debug|Any CPU
		{CDF368FE-C85C-4F5A-9D7D-0A56A6A8669C}.Debug|x64.ActiveCfg = Debug|Any CPU
		{CDF368FE-C85C-4F5A-9D7D-0A56A6A8669C}.Debug|x64.Build.0 = Debug|Any CPU
		{CDF368FE-C85C-4F5A-9D7D-0A56A6A8669C}.Debug|x86.ActiveCfg = Debug|Any CPU
		{CDF368FE-C85C-4F5A-9D7D-0A56A6A8669C}.Debug|x86.Build.0 = Debug|Any CPU
		{CDF368FE-C85C-4F5A-9D7D-0A56A6A8669C}.Release|Any CPU.ActiveCfg = Release|Any CPU
		{CDF368FE-C85C-4F5A-9D7D-0A56A6A8669C}.Release|Any CPU.Build.0 = Release|Any CPU
		{CDF368FE-C85C-4F5A-9D7D-0A56A6A8669C}.Release|x64.ActiveCfg = Release|Any CPU
		{CDF368FE-C85C-4F5A-9D7D-0A56A6A8669C}.Release|x64.Build.0 = Release|Any CPU
		{CDF368FE-C85C-4F5A-9D7D-0A56A6A8669C}.Release|x86.ActiveCfg = Release|Any CPU
		{CDF368FE-C85C-4F5A-9D7D-0A56A6A8669C}.Release|x86.Build.0 = Release|Any CPU
		{4C29234D-3753-4261-B58A-AAB64CFB858E}.Debug|Any CPU.ActiveCfg = Debug|x64
		{4C29234D-3753-4261-B58A-AAB64CFB858E}.Debug|Any CPU.Build.0 = Debug|x64
		{4C29234D-3753-4261-B58A-AAB64CFB858E}.Debug|x64.ActiveCfg = Debug|x64
		{4C29234D-3753-4261-B58A-AAB64CFB858E}.Debug|x64.Build.0 = Debug|x64
		{4C29234D-3753-4261-B58A-AAB64CFB858E}.Debug|x86.ActiveCfg = Debug|x64
		{4C29234D-3753-4261-B58A-AAB64CFB858E}.Debug|x86.Build.0 = Debug|x64
		{4C29234D-3753-4261-B58A-AAB64CFB858E}.Release|Any CPU.ActiveCfg = Release|x64
		{4C29234D-3753-4261-B58A-AAB64CFB858E}.Release|Any CPU.Build.0 = Release|x64
		{4C29234D-3753-4261-B58A-AAB64CFB858E}.Release|x64.ActiveCfg = Release|x64
		{4C29234D-3753-4261-B58A-AAB64CFB858E}.Release|x64.Build.0 = Release|x64
		{4C29234D-3753-4261-B58A-AAB64CFB858E}.Release|x86.ActiveCfg = Release|x64
		{4C29234D-3753-4261-B58A-AAB64CFB858E}.Release|x86.Build.0 = Release|x64
		{F9A14799-C3CF-41BF-80FE-2E054E3A2843}.Debug|Any CPU.ActiveCfg = Debug|Any CPU
		{F9A14799-C3CF-41BF-80FE-2E054E3A2843}.Debug|Any CPU.Build.0 = Debug|Any CPU
		{F9A14799-C3CF-41BF-80FE-2E054E3A2843}.Debug|x64.ActiveCfg = Debug|Any CPU
		{F9A14799-C3CF-41BF-80FE-2E054E3A2843}.Debug|x64.Build.0 = Debug|Any CPU
		{F9A14799-C3CF-41BF-80FE-2E054E3A2843}.Debug|x86.ActiveCfg = Debug|Any CPU
		{F9A14799-C3CF-41BF-80FE-2E054E3A2843}.Debug|x86.Build.0 = Debug|Any CPU
		{F9A14799-C3CF-41BF-80FE-2E054E3A2843}.Release|Any CPU.ActiveCfg = Release|Any CPU
		{F9A14799-C3CF-41BF-80FE-2E054E3A2843}.Release|Any CPU.Build.0 = Release|Any CPU
		{F9A14799-C3CF-41BF-80FE-2E054E3A2843}.Release|x64.ActiveCfg = Release|Any CPU
		{F9A14799-C3CF-41BF-80FE-2E054E3A2843}.Release|x64.Build.0 = Release|Any CPU
		{F9A14799-C3CF-41BF-80FE-2E054E3A2843}.Release|x86.ActiveCfg = Release|Any CPU
		{F9A14799-C3CF-41BF-80FE-2E054E3A2843}.Release|x86.Build.0 = Release|Any CPU
	EndGlobalSection
	GlobalSection(SolutionProperties) = preSolution
		HideSolutionNode = FALSE
	EndGlobalSection
	GlobalSection(ExtensibilityGlobals) = postSolution
		SolutionGuid = {B550D686-1BD3-44B2-82D4-40C0D33FCACD}
	EndGlobalSection
EndGlobal
